
Microsoft Visual Studio Solution File, Format Version 12.00
# Visual Studio Version 17
VisualStudioVersion = 17.7.34003.232
MinimumVisualStudioVersion = 10.0.40219.1
Project("{888888A0-9F3D-457C-B088-3A5042F75D52}") = "5.2", "5.2.pyproj", "{2160EBB2-99FA-4F83-8EC3-B922FE248398}"
EndProject
Global
	GlobalSection(SolutionConfigurationPlatforms) = preSolution
		Debug|Any CPU = Debug|Any CPU
		Release|Any CPU = Release|Any CPU
	EndGlobalSection
	GlobalSection(ProjectConfigurationPlatforms) = postSolution
		{2160EBB2-99FA-4F83-8EC3-B922FE248398}.Debug|Any CPU.ActiveCfg = Debug|Any CPU
		{2160EBB2-99FA-4F83-8EC3-B922FE248398}.Release|Any CPU.ActiveCfg = Release|Any CPU
	EndGlobalSection
	GlobalSection(SolutionProperties) = preSolution
		HideSolutionNode = FALSE
	EndGlobalSection
	GlobalSection(ExtensibilityGlobals) = postSolution
		SolutionGuid = {5A3656A5-D41B-42AB-A6B9-AF7470847B9D}
	EndGlobalSection
EndGlobal
