
Microsoft Visual Studio Solution File, Format Version 12.00
# Visual Studio Version 17
VisualStudioVersion = 17.7.34003.232
MinimumVisualStudioVersion = 10.0.40219.1
Project("{888888A0-9F3D-457C-B088-3A5042F75D52}") = "5.3", "5.3.pyproj", "{2E9B65C2-AFEA-4654-813B-2CD880E30FF9}"
EndProject
Global
	GlobalSection(SolutionConfigurationPlatforms) = preSolution
		Debug|Any CPU = Debug|Any CPU
		Release|Any CPU = Release|Any CPU
	EndGlobalSection
	GlobalSection(ProjectConfigurationPlatforms) = postSolution
		{2E9B65C2-AFEA-4654-813B-2CD880E30FF9}.Debug|Any CPU.ActiveCfg = Debug|Any CPU
		{2E9B65C2-AFEA-4654-813B-2CD880E30FF9}.Release|Any CPU.ActiveCfg = Release|Any CPU
	EndGlobalSection
	GlobalSection(SolutionProperties) = preSolution
		HideSolutionNode = FALSE
	EndGlobalSection
	GlobalSection(ExtensibilityGlobals) = postSolution
		SolutionGuid = {C65B5E7F-8A68-41DB-B043-25343E2EB464}
	EndGlobalSection
EndGlobal
